// !$*UTF8*$!
{
	archiveVersion = 1;
	classes = {
	};
	objectVersion = 50;
	objects = {

/* Begin PBXBuildFile section */
		658091FC2080B3A100C0B73E /* StartViewController.swift in Sources */ = {isa = PBXBuildFile; fileRef = 658091FB2080B3A100C0B73E /* StartViewController.swift */; };
		658091FE2080B3D100C0B73E /* AddPlayersViewController.swift in Sources */ = {isa = PBXBuildFile; fileRef = 658091FD2080B3D100C0B73E /* AddPlayersViewController.swift */; };
		658092002080B66500C0B73E /* Player.swift in Sources */ = {isa = PBXBuildFile; fileRef = 658091FF2080B66500C0B73E /* Player.swift */; };
		658092262084C3EE00C0B73E /* TournamentViewController.swift in Sources */ = {isa = PBXBuildFile; fileRef = 658092252084C3EE00C0B73E /* TournamentViewController.swift */; };
		658092282084C40900C0B73E /* TournamentModel.swift in Sources */ = {isa = PBXBuildFile; fileRef = 658092272084C40900C0B73E /* TournamentModel.swift */; };
		6580922A2084C41F00C0B73E /* SaveTournamentModel.swift in Sources */ = {isa = PBXBuildFile; fileRef = 658092292084C41F00C0B73E /* SaveTournamentModel.swift */; };
		659B2A9320877FA40055E50E /* TournamentScene.swift in Sources */ = {isa = PBXBuildFile; fileRef = 659B2A9220877FA40055E50E /* TournamentScene.swift */; };
		65A387CE2080AF5900C9BB8D /* AppDelegate.swift in Sources */ = {isa = PBXBuildFile; fileRef = 65A387CD2080AF5900C9BB8D /* AppDelegate.swift */; };
		65A387D32080AF5900C9BB8D /* Main.storyboard in Resources */ = {isa = PBXBuildFile; fileRef = 65A387D12080AF5900C9BB8D /* Main.storyboard */; };
		65A387D52080AF5B00C9BB8D /* Assets.xcassets in Resources */ = {isa = PBXBuildFile; fileRef = 65A387D42080AF5B00C9BB8D /* Assets.xcassets */; };
		65A387D82080AF5B00C9BB8D /* LaunchScreen.storyboard in Resources */ = {isa = PBXBuildFile; fileRef = 65A387D62080AF5B00C9BB8D /* LaunchScreen.storyboard */; };
		65AABAE620933A0900541650 /* SpriteKit.framework in Frameworks */ = {isa = PBXBuildFile; fileRef = 65AABAE520933A0900541650 /* SpriteKit.framework */; };
		65F63333209704B800A32B13 /* TournamentManager.swift in Sources */ = {isa = PBXBuildFile; fileRef = 65F63332209704B800A32B13 /* TournamentManager.swift */; };
/* End PBXBuildFile section */

/* Begin PBXFileReference section */
		658091FB2080B3A100C0B73E /* StartViewController.swift */ = {isa = PBXFileReference; lastKnownFileType = sourcecode.swift; path = StartViewController.swift; sourceTree = "<group>"; };
		658091FD2080B3D100C0B73E /* AddPlayersViewController.swift */ = {isa = PBXFileReference; lastKnownFileType = sourcecode.swift; path = AddPlayersViewController.swift; sourceTree = "<group>"; };
		658091FF2080B66500C0B73E /* Player.swift */ = {isa = PBXFileReference; lastKnownFileType = sourcecode.swift; path = Player.swift; sourceTree = "<group>"; };
		658092252084C3EE00C0B73E /* TournamentViewController.swift */ = {isa = PBXFileReference; lastKnownFileType = sourcecode.swift; path = TournamentViewController.swift; sourceTree = "<group>"; };
		658092272084C40900C0B73E /* TournamentModel.swift */ = {isa = PBXFileReference; lastKnownFileType = sourcecode.swift; path = TournamentModel.swift; sourceTree = "<group>"; };
		658092292084C41F00C0B73E /* SaveTournamentModel.swift */ = {isa = PBXFileReference; lastKnownFileType = sourcecode.swift; path = SaveTournamentModel.swift; sourceTree = "<group>"; };
		659B2A9220877FA40055E50E /* TournamentScene.swift */ = {isa = PBXFileReference; lastKnownFileType = sourcecode.swift; path = TournamentScene.swift; sourceTree = "<group>"; };
		65A387CA2080AF5900C9BB8D /* PlayShare.app */ = {isa = PBXFileReference; explicitFileType = wrapper.application; includeInIndex = 0; path = PlayShare.app; sourceTree = BUILT_PRODUCTS_DIR; };
		65A387CD2080AF5900C9BB8D /* AppDelegate.swift */ = {isa = PBXFileReference; lastKnownFileType = sourcecode.swift; path = AppDelegate.swift; sourceTree = "<group>"; };
		65A387D22080AF5900C9BB8D /* Base */ = {isa = PBXFileReference; lastKnownFileType = file.storyboard; name = Base; path = Base.lproj/Main.storyboard; sourceTree = "<group>"; };
		65A387D42080AF5B00C9BB8D /* Assets.xcassets */ = {isa = PBXFileReference; lastKnownFileType = folder.assetcatalog; path = Assets.xcassets; sourceTree = "<group>"; };
		65A387D72080AF5B00C9BB8D /* Base */ = {isa = PBXFileReference; lastKnownFileType = file.storyboard; name = Base; path = Base.lproj/LaunchScreen.storyboard; sourceTree = "<group>"; };
		65A387D92080AF5B00C9BB8D /* Info.plist */ = {isa = PBXFileReference; lastKnownFileType = text.plist.xml; path = Info.plist; sourceTree = "<group>"; };
		65AABAE520933A0900541650 /* SpriteKit.framework */ = {isa = PBXFileReference; lastKnownFileType = wrapper.framework; name = SpriteKit.framework; path = System/Library/Frameworks/SpriteKit.framework; sourceTree = SDKROOT; };
		65F63332209704B800A32B13 /* TournamentManager.swift */ = {isa = PBXFileReference; lastKnownFileType = sourcecode.swift; path = TournamentManager.swift; sourceTree = "<group>"; };
/* End PBXFileReference section */

/* Begin PBXFrameworksBuildPhase section */
		65A387C72080AF5900C9BB8D /* Frameworks */ = {
			isa = PBXFrameworksBuildPhase;
			buildActionMask = 2147483647;
			files = (
				65AABAE620933A0900541650 /* SpriteKit.framework in Frameworks */,
			);
			runOnlyForDeploymentPostprocessing = 0;
		};
/* End PBXFrameworksBuildPhase section */

/* Begin PBXGroup section */
		6580922B2084C42800C0B73E /* model */ = {
			isa = PBXGroup;
			children = (
				658092272084C40900C0B73E /* TournamentModel.swift */,
				658092292084C41F00C0B73E /* SaveTournamentModel.swift */,
				658091FF2080B66500C0B73E /* Player.swift */,
			);
			path = model;
			sourceTree = "<group>";
		};
		6580922C2084C44F00C0B73E /* view */ = {
			isa = PBXGroup;
			children = (
				658091FD2080B3D100C0B73E /* AddPlayersViewController.swift */,
				658091FB2080B3A100C0B73E /* StartViewController.swift */,
				658092252084C3EE00C0B73E /* TournamentViewController.swift */,
			);
			path = view;
			sourceTree = "<group>";
		};
		659B2A8D20877E370055E50E /* game */ = {
			isa = PBXGroup;
			children = (
				659B2A9220877FA40055E50E /* TournamentScene.swift */,
			);
			path = game;
			sourceTree = "<group>";
		};
		65A387C12080AF5900C9BB8D = {
			isa = PBXGroup;
			children = (
				65A387CC2080AF5900C9BB8D /* PlayShare */,
				65A387CB2080AF5900C9BB8D /* Products */,
				65AABAE420933A0800541650 /* Frameworks */,
			);
			sourceTree = "<group>";
		};
		65A387CB2080AF5900C9BB8D /* Products */ = {
			isa = PBXGroup;
			children = (
				65A387CA2080AF5900C9BB8D /* PlayShare.app */,
			);
			name = Products;
			sourceTree = "<group>";
		};
		65A387CC2080AF5900C9BB8D /* PlayShare */ = {
			isa = PBXGroup;
			children = (
				65A387CD2080AF5900C9BB8D /* AppDelegate.swift */,
				65A387D12080AF5900C9BB8D /* Main.storyboard */,
				65A387D42080AF5B00C9BB8D /* Assets.xcassets */,
				65A387D62080AF5B00C9BB8D /* LaunchScreen.storyboard */,
				65A387D92080AF5B00C9BB8D /* Info.plist */,
				659B2A8D20877E370055E50E /* game */,
				6580922B2084C42800C0B73E /* model */,
				6580922C2084C44F00C0B73E /* view */,
				65F63332209704B800A32B13 /* TournamentManager.swift */,
			);
			path = PlayShare;
			sourceTree = "<group>";
		};
		65AABAE420933A0800541650 /* Frameworks */ = {
			isa = PBXGroup;
			children = (
				65AABAE520933A0900541650 /* SpriteKit.framework */,
			);
			name = Frameworks;
			sourceTree = "<group>";
		};
/* End PBXGroup section */

/* Begin PBXNativeTarget section */
		65A387C92080AF5900C9BB8D /* PlayShare */ = {
			isa = PBXNativeTarget;
			buildConfigurationList = 65A387DC2080AF5B00C9BB8D /* Build configuration list for PBXNativeTarget "PlayShare" */;
			buildPhases = (
				65A387C62080AF5900C9BB8D /* Sources */,
				65A387C72080AF5900C9BB8D /* Frameworks */,
				65A387C82080AF5900C9BB8D /* Resources */,
			);
			buildRules = (
			);
			dependencies = (
			);
			name = PlayShare;
			productName = PlayShare;
			productReference = 65A387CA2080AF5900C9BB8D /* PlayShare.app */;
			productType = "com.apple.product-type.application";
		};
/* End PBXNativeTarget section */

/* Begin PBXProject section */
		65A387C22080AF5900C9BB8D /* Project object */ = {
			isa = PBXProject;
			attributes = {
				LastSwiftUpdateCheck = 0930;
				LastUpgradeCheck = 0930;
				ORGANIZATIONNAME = "Victoria Grönqvist";
				TargetAttributes = {
					65A387C92080AF5900C9BB8D = {
						CreatedOnToolsVersion = 9.3;
					};
				};
			};
			buildConfigurationList = 65A387C52080AF5900C9BB8D /* Build configuration list for PBXProject "PlayShare" */;
			compatibilityVersion = "Xcode 9.3";
			developmentRegion = en;
			hasScannedForEncodings = 0;
			knownRegions = (
				en,
				Base,
			);
			mainGroup = 65A387C12080AF5900C9BB8D;
			productRefGroup = 65A387CB2080AF5900C9BB8D /* Products */;
			projectDirPath = "";
			projectRoot = "";
			targets = (
				65A387C92080AF5900C9BB8D /* PlayShare */,
			);
		};
/* End PBXProject section */

/* Begin PBXResourcesBuildPhase section */
		65A387C82080AF5900C9BB8D /* Resources */ = {
			isa = PBXResourcesBuildPhase;
			buildActionMask = 2147483647;
			files = (
				65A387D82080AF5B00C9BB8D /* LaunchScreen.storyboard in Resources */,
				65A387D52080AF5B00C9BB8D /* Assets.xcassets in Resources */,
				65A387D32080AF5900C9BB8D /* Main.storyboard in Resources */,
			);
			runOnlyForDeploymentPostprocessing = 0;
		};
/* End PBXResourcesBuildPhase section */

/* Begin PBXSourcesBuildPhase section */
		65A387C62080AF5900C9BB8D /* Sources */ = {
			isa = PBXSourcesBuildPhase;
			buildActionMask = 2147483647;
			files = (
				65F63333209704B800A32B13 /* TournamentManager.swift in Sources */,
				658092262084C3EE00C0B73E /* TournamentViewController.swift in Sources */,
				658092002080B66500C0B73E /* Player.swift in Sources */,
				65A387CE2080AF5900C9BB8D /* AppDelegate.swift in Sources */,
				659B2A9320877FA40055E50E /* TournamentScene.swift in Sources */,
				6580922A2084C41F00C0B73E /* SaveTournamentModel.swift in Sources */,
				658091FE2080B3D100C0B73E /* AddPlayersViewController.swift in Sources */,
				658092282084C40900C0B73E /* TournamentModel.swift in Sources */,
				658091FC2080B3A100C0B73E /* StartViewController.swift in Sources */,
			);
			runOnlyForDeploymentPostprocessing = 0;
		};
/* End PBXSourcesBuildPhase section */

/* Begin PBXVariantGroup section */
		65A387D12080AF5900C9BB8D /* Main.storyboard */ = {
			isa = PBXVariantGroup;
			children = (
				65A387D22080AF5900C9BB8D /* Base */,
			);
			name = Main.storyboard;
			sourceTree = "<group>";
		};
		65A387D62080AF5B00C9BB8D /* LaunchScreen.storyboard */ = {
			isa = PBXVariantGroup;
			children = (
				65A387D72080AF5B00C9BB8D /* Base */,
			);
			name = LaunchScreen.storyboard;
			sourceTree = "<group>";
		};
/* End PBXVariantGroup section */

/* Begin XCBuildConfiguration section */
		65A387DA2080AF5B00C9BB8D /* Debug */ = {
			isa = XCBuildConfiguration;
			buildSettings = {
				ALWAYS_SEARCH_USER_PATHS = NO;
				CLANG_ANALYZER_NONNULL = YES;
				CLANG_ANALYZER_NUMBER_OBJECT_CONVERSION = YES_AGGRESSIVE;
				CLANG_CXX_LANGUAGE_STANDARD = "gnu++14";
				CLANG_CXX_LIBRARY = "libc++";
				CLANG_ENABLE_MODULES = YES;
				CLANG_ENABLE_OBJC_ARC = YES;
				CLANG_ENABLE_OBJC_WEAK = YES;
				CLANG_WARN_BLOCK_CAPTURE_AUTORELEASING = YES;
				CLANG_WARN_BOOL_CONVERSION = YES;
				CLANG_WARN_COMMA = YES;
				CLANG_WARN_CONSTANT_CONVERSION = YES;
				CLANG_WARN_DEPRECATED_OBJC_IMPLEMENTATIONS = YES;
				CLANG_WARN_DIRECT_OBJC_ISA_USAGE = YES_ERROR;
				CLANG_WARN_DOCUMENTATION_COMMENTS = YES;
				CLANG_WARN_EMPTY_BODY = YES;
				CLANG_WARN_ENUM_CONVERSION = YES;
				CLANG_WARN_INFINITE_RECURSION = YES;
				CLANG_WARN_INT_CONVERSION = YES;
				CLANG_WARN_NON_LITERAL_NULL_CONVERSION = YES;
				CLANG_WARN_OBJC_IMPLICIT_RETAIN_SELF = YES;
				CLANG_WARN_OBJC_LITERAL_CONVERSION = YES;
				CLANG_WARN_OBJC_ROOT_CLASS = YES_ERROR;
				CLANG_WARN_RANGE_LOOP_ANALYSIS = YES;
				CLANG_WARN_STRICT_PROTOTYPES = YES;
				CLANG_WARN_SUSPICIOUS_MOVE = YES;
				CLANG_WARN_UNGUARDED_AVAILABILITY = YES_AGGRESSIVE;
				CLANG_WARN_UNREACHABLE_CODE = YES;
				CLANG_WARN__DUPLICATE_METHOD_MATCH = YES;
				CODE_SIGN_IDENTITY = "iPhone Developer";
				COPY_PHASE_STRIP = NO;
				DEBUG_INFORMATION_FORMAT = dwarf;
				ENABLE_STRICT_OBJC_MSGSEND = YES;
				ENABLE_TESTABILITY = YES;
				GCC_C_LANGUAGE_STANDARD = gnu11;
				GCC_DYNAMIC_NO_PIC = NO;
				GCC_NO_COMMON_BLOCKS = YES;
				GCC_OPTIMIZATION_LEVEL = 0;
				GCC_PREPROCESSOR_DEFINITIONS = (
					"DEBUG=1",
					"$(inherited)",
				);
				GCC_WARN_64_TO_32_BIT_CONVERSION = YES;
				GCC_WARN_ABOUT_RETURN_TYPE = YES_ERROR;
				GCC_WARN_UNDECLARED_SELECTOR = YES;
				GCC_WARN_UNINITIALIZED_AUTOS = YES_AGGRESSIVE;
				GCC_WARN_UNUSED_FUNCTION = YES;
				GCC_WARN_UNUSED_VARIABLE = YES;
				IPHONEOS_DEPLOYMENT_TARGET = 11.3;
				MTL_ENABLE_DEBUG_INFO = YES;
				ONLY_ACTIVE_ARCH = YES;
				SDKROOT = iphoneos;
				SWIFT_ACTIVE_COMPILATION_CONDITIONS = DEBUG;
				SWIFT_OPTIMIZATION_LEVEL = "-Onone";
			};
			name = Debug;
		};
		65A387DB2080AF5B00C9BB8D /* Release */ = {
			isa = XCBuildConfiguration;
			buildSettings = {
				ALWAYS_SEARCH_USER_PATHS = NO;
				CLANG_ANALYZER_NONNULL = YES;
				CLANG_ANALYZER_NUMBER_OBJECT_CONVERSION = YES_AGGRESSIVE;
				CLANG_CXX_LANGUAGE_STANDARD = "gnu++14";
				CLANG_CXX_LIBRARY = "libc++";
				CLANG_ENABLE_MODULES = YES;
				CLANG_ENABLE_OBJC_ARC = YES;
				CLANG_ENABLE_OBJC_WEAK = YES;
				CLANG_WARN_BLOCK_CAPTURE_AUTORELEASING = YES;
				CLANG_WARN_BOOL_CONVERSION = YES;
				CLANG_WARN_COMMA = YES;
				CLANG_WARN_CONSTANT_CONVERSION = YES;
				CLANG_WARN_DEPRECATED_OBJC_IMPLEMENTATIONS = YES;
				CLANG_WARN_DIRECT_OBJC_ISA_USAGE = YES_ERROR;
				CLANG_WARN_DOCUMENTATION_COMMENTS = YES;
				CLANG_WARN_EMPTY_BODY = YES;
				CLANG_WARN_ENUM_CONVERSION = YES;
				CLANG_WARN_INFINITE_RECURSION = YES;
				CLANG_WARN_INT_CONVERSION = YES;
				CLANG_WARN_NON_LITERAL_NULL_CONVERSION = YES;
				CLANG_WARN_OBJC_IMPLICIT_RETAIN_SELF = YES;
				CLANG_WARN_OBJC_LITERAL_CONVERSION = YES;
				CLANG_WARN_OBJC_ROOT_CLASS = YES_ERROR;
				CLANG_WARN_RANGE_LOOP_ANALYSIS = YES;
				CLANG_WARN_STRICT_PROTOTYPES = YES;
				CLANG_WARN_SUSPICIOUS_MOVE = YES;
				CLANG_WARN_UNGUARDED_AVAILABILITY = YES_AGGRESSIVE;
				CLANG_WARN_UNREACHABLE_CODE = YES;
				CLANG_WARN__DUPLICATE_METHOD_MATCH = YES;
				CODE_SIGN_IDENTITY = "iPhone Developer";
				COPY_PHASE_STRIP = NO;
				DEBUG_INFORMATION_FORMAT = "dwarf-with-dsym";
				ENABLE_NS_ASSERTIONS = NO;
				ENABLE_STRICT_OBJC_MSGSEND = YES;
				GCC_C_LANGUAGE_STANDARD = gnu11;
				GCC_NO_COMMON_BLOCKS = YES;
				GCC_WARN_64_TO_32_BIT_CONVERSION = YES;
				GCC_WARN_ABOUT_RETURN_TYPE = YES_ERROR;
				GCC_WARN_UNDECLARED_SELECTOR = YES;
				GCC_WARN_UNINITIALIZED_AUTOS = YES_AGGRESSIVE;
				GCC_WARN_UNUSED_FUNCTION = YES;
				GCC_WARN_UNUSED_VARIABLE = YES;
				IPHONEOS_DEPLOYMENT_TARGET = 11.3;
				MTL_ENABLE_DEBUG_INFO = NO;
				SDKROOT = iphoneos;
				SWIFT_COMPILATION_MODE = wholemodule;
				SWIFT_OPTIMIZATION_LEVEL = "-O";
				VALIDATE_PRODUCT = YES;
			};
			name = Release;
		};
		65A387DD2080AF5B00C9BB8D /* Debug */ = {
			isa = XCBuildConfiguration;
			buildSettings = {
				ASSETCATALOG_COMPILER_APPICON_NAME = AppIcon;
				CODE_SIGN_STYLE = Automatic;
				DEVELOPMENT_TEAM = H4G78PE5AQ;
				INFOPLIST_FILE = PlayShare/Info.plist;
				LD_RUNPATH_SEARCH_PATHS = (
					"$(inherited)",
					"@executable_path/Frameworks",
				);
				PRODUCT_BUNDLE_IDENTIFIER = VG.PlayShare;
				PRODUCT_NAME = "$(TARGET_NAME)";
				SWIFT_VERSION = 4.0;
				TARGETED_DEVICE_FAMILY = "1,2";
			};
			name = Debug;
		};
		65A387DE2080AF5B00C9BB8D /* Release */ = {
			isa = XCBuildConfiguration;
			buildSettings = {
				ASSETCATALOG_COMPILER_APPICON_NAME = AppIcon;
				CODE_SIGN_STYLE = Automatic;
				DEVELOPMENT_TEAM = H4G78PE5AQ;
				INFOPLIST_FILE = PlayShare/Info.plist;
				LD_RUNPATH_SEARCH_PATHS = (
					"$(inherited)",
					"@executable_path/Frameworks",
				);
				PRODUCT_BUNDLE_IDENTIFIER = VG.PlayShare;
				PRODUCT_NAME = "$(TARGET_NAME)";
				SWIFT_VERSION = 4.0;
				TARGETED_DEVICE_FAMILY = "1,2";
			};
			name = Release;
		};
/* End XCBuildConfiguration section */

/* Begin XCConfigurationList section */
		65A387C52080AF5900C9BB8D /* Build configuration list for PBXProject "PlayShare" */ = {
			isa = XCConfigurationList;
			buildConfigurations = (
				65A387DA2080AF5B00C9BB8D /* Debug */,
				65A387DB2080AF5B00C9BB8D /* Release */,
			);
			defaultConfigurationIsVisible = 0;
			defaultConfigurationName = Release;
		};
		65A387DC2080AF5B00C9BB8D /* Build configuration list for PBXNativeTarget "PlayShare" */ = {
			isa = XCConfigurationList;
			buildConfigurations = (
				65A387DD2080AF5B00C9BB8D /* Debug */,
				65A387DE2080AF5B00C9BB8D /* Release */,
			);
			defaultConfigurationIsVisible = 0;
			defaultConfigurationName = Release;
		};
/* End XCConfigurationList section */
	};
	rootObject = 65A387C22080AF5900C9BB8D /* Project object */;
}
